
Microsoft Visual Studio Solution File, Format Version 12.00
# Visual Studio Version 17
VisualStudioVersion = 17.5.33414.496
MinimumVisualStudioVersion = 10.0.40219.1
Project("{FAE04EC0-301F-11D3-BF4B-00C04F79EFBC}") = "FIDE ID Finder", "FIDE ID Finder\FIDE ID Finder.csproj", "{56A6CB0F-6C82-408E-8DEB-B6C1B384ECFC}"
EndProject
Global
	GlobalSection(SolutionConfigurationPlatforms) = preSolution
		Debug|Any CPU = Debug|Any CPU
		Release|Any CPU = Release|Any CPU
	EndGlobalSection
	GlobalSection(ProjectConfigurationPlatforms) = postSolution
		{56A6CB0F-6C82-408E-8DEB-B6C1B384ECFC}.Debug|Any CPU.ActiveCfg = Debug|Any CPU
		{56A6CB0F-6C82-408E-8DEB-B6C1B384ECFC}.Debug|Any CPU.Build.0 = Debug|Any CPU
		{56A6CB0F-6C82-408E-8DEB-B6C1B384ECFC}.Release|Any CPU.ActiveCfg = Release|Any CPU
		{56A6CB0F-6C82-408E-8DEB-B6C1B384ECFC}.Release|Any CPU.Build.0 = Release|Any CPU
	EndGlobalSection
	GlobalSection(SolutionProperties) = preSolution
		HideSolutionNode = FALSE
	EndGlobalSection
	GlobalSection(ExtensibilityGlobals) = postSolution
		SolutionGuid = {83662746-3425-43E1-8A93-74C0B11DC576}
	EndGlobalSection
EndGlobal
